// !$*UTF8*$!
{
	archiveVersion = 1;
	classes = {
	};
	objectVersion = 50;
	objects = {

/* Begin PBXBuildFile section */
		114D5AE925CDEC25007B23A9 /* DecodableArray.swift in Sources */ = {isa = PBXBuildFile; fileRef = 114D5AE825CDEC25007B23A9 /* DecodableArray.swift */; };
		114D5AEE25CDEF62007B23A9 /* Coordinator.swift in Sources */ = {isa = PBXBuildFile; fileRef = 114D5AED25CDEF62007B23A9 /* Coordinator.swift */; };
		114D5AF225CDEF8F007B23A9 /* MainCoordinator.swift in Sources */ = {isa = PBXBuildFile; fileRef = 114D5AF125CDEF8F007B23A9 /* MainCoordinator.swift */; };
		114D5AF925CDF2AF007B23A9 /* HomeViewController.swift in Sources */ = {isa = PBXBuildFile; fileRef = 114D5AF825CDF2AF007B23A9 /* HomeViewController.swift */; };
		117142BA25CBFF4200A76E95 /* AppDelegate.swift in Sources */ = {isa = PBXBuildFile; fileRef = 117142B925CBFF4200A76E95 /* AppDelegate.swift */; };
		117142BC25CBFF4200A76E95 /* SceneDelegate.swift in Sources */ = {isa = PBXBuildFile; fileRef = 117142BB25CBFF4200A76E95 /* SceneDelegate.swift */; };
		117142C325CBFF4200A76E95 /* Assets.xcassets in Resources */ = {isa = PBXBuildFile; fileRef = 117142C225CBFF4200A76E95 /* Assets.xcassets */; };
		117142C625CBFF4200A76E95 /* LaunchScreen.storyboard in Resources */ = {isa = PBXBuildFile; fileRef = 117142C425CBFF4200A76E95 /* LaunchScreen.storyboard */; };
		117142D725CBFF9900A76E95 /* NetworkService.swift in Sources */ = {isa = PBXBuildFile; fileRef = 117142D625CBFF9900A76E95 /* NetworkService.swift */; };
		117142DC25CC01B200A76E95 /* NewsFeedResponse.swift in Sources */ = {isa = PBXBuildFile; fileRef = 117142DB25CC01B200A76E95 /* NewsFeedResponse.swift */; };
		117142E025CC020E00A76E95 /* URLSession.swift in Sources */ = {isa = PBXBuildFile; fileRef = 117142DF25CC020E00A76E95 /* URLSession.swift */; };
		118E5CCC25D2122D0011C384 /* Button.swift in Sources */ = {isa = PBXBuildFile; fileRef = 118E5CCB25D2122D0011C384 /* Button.swift */; };
		118E5CCF25D218DD0011C384 /* DetailsViewController+Constraints.swift in Sources */ = {isa = PBXBuildFile; fileRef = 118E5CCE25D218DD0011C384 /* DetailsViewController+Constraints.swift */; };
		118E5CD225D21C3D0011C384 /* HomeTableViewCellWithPicture+Constraints.swift in Sources */ = {isa = PBXBuildFile; fileRef = 118E5CD125D21C3D0011C384 /* HomeTableViewCellWithPicture+Constraints.swift */; };
		118E5CD525D21CA90011C384 /* HomeTableViewCell+Constraints.swift in Sources */ = {isa = PBXBuildFile; fileRef = 118E5CD425D21CA90011C384 /* HomeTableViewCell+Constraints.swift */; };
		118E5CD825D21D790011C384 /* HomeTableViewDataSource+UITableViewDelegates.swift in Sources */ = {isa = PBXBuildFile; fileRef = 118E5CD725D21D790011C384 /* HomeTableViewDataSource+UITableViewDelegates.swift */; };
		118E5CDB25D21F640011C384 /* UIViewController.swift in Sources */ = {isa = PBXBuildFile; fileRef = 118E5CDA25D21F640011C384 /* UIViewController.swift */; };
		118E5CDE25D2215D0011C384 /* HomeTableViewController+Constraints.swift in Sources */ = {isa = PBXBuildFile; fileRef = 118E5CDD25D2215D0011C384 /* HomeTableViewController+Constraints.swift */; };
		118E5CEB25D2435E0011C384 /* WidgetKit.framework in Frameworks */ = {isa = PBXBuildFile; fileRef = 118E5CEA25D2435E0011C384 /* WidgetKit.framework */; };
		118E5CED25D2435E0011C384 /* SwiftUI.framework in Frameworks */ = {isa = PBXBuildFile; fileRef = 118E5CEC25D2435E0011C384 /* SwiftUI.framework */; };
		118E5CF025D2435E0011C384 /* WidgetModule.swift in Sources */ = {isa = PBXBuildFile; fileRef = 118E5CEF25D2435E0011C384 /* WidgetModule.swift */; };
		118E5CF225D243600011C384 /* Assets.xcassets in Resources */ = {isa = PBXBuildFile; fileRef = 118E5CF125D243600011C384 /* Assets.xcassets */; };
		118E5CF625D243600011C384 /* WidgetModuleExtension.appex in Embed App Extensions */ = {isa = PBXBuildFile; fileRef = 118E5CE825D2435E0011C384 /* WidgetModuleExtension.appex */; settings = {ATTRIBUTES = (RemoveHeadersOnCopy, ); }; };
		118E5D0125D243DA0011C384 /* DataProvider.swift in Sources */ = {isa = PBXBuildFile; fileRef = 118E5CFD25D243CF0011C384 /* DataProvider.swift */; };
		118FDD7E25CE028300A5696E /* DetailsViewController.swift in Sources */ = {isa = PBXBuildFile; fileRef = 118FDD7D25CE028300A5696E /* DetailsViewController.swift */; };
		118FDD8325CF066D00A5696E /* HomeTableViewDataSource.swift in Sources */ = {isa = PBXBuildFile; fileRef = 118FDD8225CF066D00A5696E /* HomeTableViewDataSource.swift */; };
		11C47B4F25D0025700AE89BC /* HomeTableViewCell.swift in Sources */ = {isa = PBXBuildFile; fileRef = 11C47B4E25D0025700AE89BC /* HomeTableViewCell.swift */; };
		11C47B5325D0489F00AE89BC /* Date.swift in Sources */ = {isa = PBXBuildFile; fileRef = 11C47B5225D0489F00AE89BC /* Date.swift */; };
		11C47B5625D04FCF00AE89BC /* UIImageView.swift in Sources */ = {isa = PBXBuildFile; fileRef = 11C47B5525D04FCF00AE89BC /* UIImageView.swift */; };
		11C47B5925D058DD00AE89BC /* DateLabel.swift in Sources */ = {isa = PBXBuildFile; fileRef = 11C47B5825D058DD00AE89BC /* DateLabel.swift */; };
		11C47B5D25D062D400AE89BC /* TitleLabel.swift in Sources */ = {isa = PBXBuildFile; fileRef = 11C47B5C25D062D400AE89BC /* TitleLabel.swift */; };
		11C47B6025D064F400AE89BC /* SecondTitleLabel.swift in Sources */ = {isa = PBXBuildFile; fileRef = 11C47B5F25D064F400AE89BC /* SecondTitleLabel.swift */; };
		11C47B6325D0657600AE89BC /* PostImageView.swift in Sources */ = {isa = PBXBuildFile; fileRef = 11C47B6225D0657600AE89BC /* PostImageView.swift */; };
		11C47B6C25D09AEA00AE89BC /* LoadingTableViewCell.swift in Sources */ = {isa = PBXBuildFile; fileRef = 11C47B6B25D09AEA00AE89BC /* LoadingTableViewCell.swift */; };
		11C47B7025D154B300AE89BC /* HomeTableViewCellWithPicture.swift in Sources */ = {isa = PBXBuildFile; fileRef = 11C47B6F25D154B300AE89BC /* HomeTableViewCellWithPicture.swift */; };
		11EBAB2525CC87DF00F14C99 /* Helpers.swift in Sources */ = {isa = PBXBuildFile; fileRef = 11EBAB2425CC87DF00F14C99 /* Helpers.swift */; };
		11EBAB6A25CD7E4100F14C99 /* URL.swift in Sources */ = {isa = PBXBuildFile; fileRef = 11EBAB6925CD7E4100F14C99 /* URL.swift */; };
		11EBAB6E25CD907900F14C99 /* Constants.swift in Sources */ = {isa = PBXBuildFile; fileRef = 11EBAB6D25CD907900F14C99 /* Constants.swift */; };
		11EBAB7225CD9E0900F14C99 /* NewsDetailsResponse.swift in Sources */ = {isa = PBXBuildFile; fileRef = 11EBAB7125CD9E0900F14C99 /* NewsDetailsResponse.swift */; };
/* End PBXBuildFile section */

/* Begin PBXContainerItemProxy section */
		118E5CF425D243600011C384 /* PBXContainerItemProxy */ = {
			isa = PBXContainerItemProxy;
			containerPortal = 117142AE25CBFF4200A76E95 /* Project object */;
			proxyType = 1;
			remoteGlobalIDString = 118E5CE725D2435E0011C384;
			remoteInfo = WidgetModuleExtension;
		};
/* End PBXContainerItemProxy section */

/* Begin PBXCopyFilesBuildPhase section */
		118E5CFA25D243600011C384 /* Embed App Extensions */ = {
			isa = PBXCopyFilesBuildPhase;
			buildActionMask = 2147483647;
			dstPath = "";
			dstSubfolderSpec = 13;
			files = (
				118E5CF625D243600011C384 /* WidgetModuleExtension.appex in Embed App Extensions */,
			);
			name = "Embed App Extensions";
			runOnlyForDeploymentPostprocessing = 0;
		};
/* End PBXCopyFilesBuildPhase section */

/* Begin PBXFileReference section */
		114D5AE825CDEC25007B23A9 /* DecodableArray.swift */ = {isa = PBXFileReference; lastKnownFileType = sourcecode.swift; path = DecodableArray.swift; sourceTree = "<group>"; };
		114D5AED25CDEF62007B23A9 /* Coordinator.swift */ = {isa = PBXFileReference; lastKnownFileType = sourcecode.swift; path = Coordinator.swift; sourceTree = "<group>"; };
		114D5AF125CDEF8F007B23A9 /* MainCoordinator.swift */ = {isa = PBXFileReference; lastKnownFileType = sourcecode.swift; path = MainCoordinator.swift; sourceTree = "<group>"; };
		114D5AF825CDF2AF007B23A9 /* HomeViewController.swift */ = {isa = PBXFileReference; lastKnownFileType = sourcecode.swift; path = HomeViewController.swift; sourceTree = "<group>"; };
		117142B625CBFF4200A76E95 /* NewsFeedApp.app */ = {isa = PBXFileReference; explicitFileType = wrapper.application; includeInIndex = 0; path = NewsFeedApp.app; sourceTree = BUILT_PRODUCTS_DIR; };
		117142B925CBFF4200A76E95 /* AppDelegate.swift */ = {isa = PBXFileReference; lastKnownFileType = sourcecode.swift; path = AppDelegate.swift; sourceTree = "<group>"; };
		117142BB25CBFF4200A76E95 /* SceneDelegate.swift */ = {isa = PBXFileReference; lastKnownFileType = sourcecode.swift; path = SceneDelegate.swift; sourceTree = "<group>"; };
		117142C225CBFF4200A76E95 /* Assets.xcassets */ = {isa = PBXFileReference; lastKnownFileType = folder.assetcatalog; path = Assets.xcassets; sourceTree = "<group>"; };
		117142C525CBFF4200A76E95 /* Base */ = {isa = PBXFileReference; lastKnownFileType = file.storyboard; name = Base; path = Base.lproj/LaunchScreen.storyboard; sourceTree = "<group>"; };
		117142C725CBFF4200A76E95 /* Info.plist */ = {isa = PBXFileReference; lastKnownFileType = text.plist.xml; path = Info.plist; sourceTree = "<group>"; };
		117142D625CBFF9900A76E95 /* NetworkService.swift */ = {isa = PBXFileReference; lastKnownFileType = sourcecode.swift; path = NetworkService.swift; sourceTree = "<group>"; };
		117142DB25CC01B200A76E95 /* NewsFeedResponse.swift */ = {isa = PBXFileReference; lastKnownFileType = sourcecode.swift; path = NewsFeedResponse.swift; sourceTree = "<group>"; };
		117142DF25CC020E00A76E95 /* URLSession.swift */ = {isa = PBXFileReference; lastKnownFileType = sourcecode.swift; path = URLSession.swift; sourceTree = "<group>"; };
		118E5CCB25D2122D0011C384 /* Button.swift */ = {isa = PBXFileReference; lastKnownFileType = sourcecode.swift; path = Button.swift; sourceTree = "<group>"; };
		118E5CCE25D218DD0011C384 /* DetailsViewController+Constraints.swift */ = {isa = PBXFileReference; lastKnownFileType = sourcecode.swift; path = "DetailsViewController+Constraints.swift"; sourceTree = "<group>"; };
		118E5CD125D21C3D0011C384 /* HomeTableViewCellWithPicture+Constraints.swift */ = {isa = PBXFileReference; lastKnownFileType = sourcecode.swift; path = "HomeTableViewCellWithPicture+Constraints.swift"; sourceTree = "<group>"; };
		118E5CD425D21CA90011C384 /* HomeTableViewCell+Constraints.swift */ = {isa = PBXFileReference; lastKnownFileType = sourcecode.swift; path = "HomeTableViewCell+Constraints.swift"; sourceTree = "<group>"; };
		118E5CD725D21D790011C384 /* HomeTableViewDataSource+UITableViewDelegates.swift */ = {isa = PBXFileReference; lastKnownFileType = sourcecode.swift; path = "HomeTableViewDataSource+UITableViewDelegates.swift"; sourceTree = "<group>"; };
		118E5CDA25D21F640011C384 /* UIViewController.swift */ = {isa = PBXFileReference; lastKnownFileType = sourcecode.swift; path = UIViewController.swift; sourceTree = "<group>"; };
		118E5CDD25D2215D0011C384 /* HomeTableViewController+Constraints.swift */ = {isa = PBXFileReference; lastKnownFileType = sourcecode.swift; path = "HomeTableViewController+Constraints.swift"; sourceTree = "<group>"; };
		118E5CE825D2435E0011C384 /* WidgetModuleExtension.appex */ = {isa = PBXFileReference; explicitFileType = "wrapper.app-extension"; includeInIndex = 0; path = WidgetModuleExtension.appex; sourceTree = BUILT_PRODUCTS_DIR; };
		118E5CEA25D2435E0011C384 /* WidgetKit.framework */ = {isa = PBXFileReference; lastKnownFileType = wrapper.framework; name = WidgetKit.framework; path = System/Library/Frameworks/WidgetKit.framework; sourceTree = SDKROOT; };
		118E5CEC25D2435E0011C384 /* SwiftUI.framework */ = {isa = PBXFileReference; lastKnownFileType = wrapper.framework; name = SwiftUI.framework; path = System/Library/Frameworks/SwiftUI.framework; sourceTree = SDKROOT; };
		118E5CEF25D2435E0011C384 /* WidgetModule.swift */ = {isa = PBXFileReference; lastKnownFileType = sourcecode.swift; path = WidgetModule.swift; sourceTree = "<group>"; };
		118E5CF125D243600011C384 /* Assets.xcassets */ = {isa = PBXFileReference; lastKnownFileType = folder.assetcatalog; path = Assets.xcassets; sourceTree = "<group>"; };
		118E5CF325D243600011C384 /* Info.plist */ = {isa = PBXFileReference; lastKnownFileType = text.plist.xml; path = Info.plist; sourceTree = "<group>"; };
		118E5CFD25D243CF0011C384 /* DataProvider.swift */ = {isa = PBXFileReference; lastKnownFileType = sourcecode.swift; path = DataProvider.swift; sourceTree = "<group>"; };
		118FDD7D25CE028300A5696E /* DetailsViewController.swift */ = {isa = PBXFileReference; lastKnownFileType = sourcecode.swift; path = DetailsViewController.swift; sourceTree = "<group>"; };
		118FDD8225CF066D00A5696E /* HomeTableViewDataSource.swift */ = {isa = PBXFileReference; lastKnownFileType = sourcecode.swift; path = HomeTableViewDataSource.swift; sourceTree = "<group>"; };
		11C47B4E25D0025700AE89BC /* HomeTableViewCell.swift */ = {isa = PBXFileReference; lastKnownFileType = sourcecode.swift; path = HomeTableViewCell.swift; sourceTree = "<group>"; };
		11C47B5225D0489F00AE89BC /* Date.swift */ = {isa = PBXFileReference; lastKnownFileType = sourcecode.swift; path = Date.swift; sourceTree = "<group>"; };
		11C47B5525D04FCF00AE89BC /* UIImageView.swift */ = {isa = PBXFileReference; lastKnownFileType = sourcecode.swift; path = UIImageView.swift; sourceTree = "<group>"; };
		11C47B5825D058DD00AE89BC /* DateLabel.swift */ = {isa = PBXFileReference; lastKnownFileType = sourcecode.swift; path = DateLabel.swift; sourceTree = "<group>"; };
		11C47B5C25D062D400AE89BC /* TitleLabel.swift */ = {isa = PBXFileReference; lastKnownFileType = sourcecode.swift; path = TitleLabel.swift; sourceTree = "<group>"; };
		11C47B5F25D064F400AE89BC /* SecondTitleLabel.swift */ = {isa = PBXFileReference; lastKnownFileType = sourcecode.swift; path = SecondTitleLabel.swift; sourceTree = "<group>"; };
		11C47B6225D0657600AE89BC /* PostImageView.swift */ = {isa = PBXFileReference; lastKnownFileType = sourcecode.swift; path = PostImageView.swift; sourceTree = "<group>"; };
		11C47B6B25D09AEA00AE89BC /* LoadingTableViewCell.swift */ = {isa = PBXFileReference; lastKnownFileType = sourcecode.swift; path = LoadingTableViewCell.swift; sourceTree = "<group>"; };
		11C47B6F25D154B300AE89BC /* HomeTableViewCellWithPicture.swift */ = {isa = PBXFileReference; lastKnownFileType = sourcecode.swift; path = HomeTableViewCellWithPicture.swift; sourceTree = "<group>"; };
		11EBAB2425CC87DF00F14C99 /* Helpers.swift */ = {isa = PBXFileReference; lastKnownFileType = sourcecode.swift; path = Helpers.swift; sourceTree = "<group>"; };
		11EBAB6925CD7E4100F14C99 /* URL.swift */ = {isa = PBXFileReference; lastKnownFileType = sourcecode.swift; path = URL.swift; sourceTree = "<group>"; };
		11EBAB6D25CD907900F14C99 /* Constants.swift */ = {isa = PBXFileReference; lastKnownFileType = sourcecode.swift; path = Constants.swift; sourceTree = "<group>"; };
		11EBAB7125CD9E0900F14C99 /* NewsDetailsResponse.swift */ = {isa = PBXFileReference; lastKnownFileType = sourcecode.swift; path = NewsDetailsResponse.swift; sourceTree = "<group>"; };
/* End PBXFileReference section */

/* Begin PBXFrameworksBuildPhase section */
		117142B325CBFF4200A76E95 /* Frameworks */ = {
			isa = PBXFrameworksBuildPhase;
			buildActionMask = 2147483647;
			files = (
			);
			runOnlyForDeploymentPostprocessing = 0;
		};
		118E5CE525D2435E0011C384 /* Frameworks */ = {
			isa = PBXFrameworksBuildPhase;
			buildActionMask = 2147483647;
			files = (
				118E5CED25D2435E0011C384 /* SwiftUI.framework in Frameworks */,
				118E5CEB25D2435E0011C384 /* WidgetKit.framework in Frameworks */,
			);
			runOnlyForDeploymentPostprocessing = 0;
		};
/* End PBXFrameworksBuildPhase section */

/* Begin PBXGroup section */
		114D5AEC25CDEF45007B23A9 /* Coordinator */ = {
			isa = PBXGroup;
			children = (
				114D5AED25CDEF62007B23A9 /* Coordinator.swift */,
				114D5AF125CDEF8F007B23A9 /* MainCoordinator.swift */,
			);
			path = Coordinator;
			sourceTree = "<group>";
		};
		117142AD25CBFF4200A76E95 = {
			isa = PBXGroup;
			children = (
				117142B825CBFF4200A76E95 /* NewsFeedApp */,
				118E5CEE25D2435E0011C384 /* WidgetModule */,
				118E5CE925D2435E0011C384 /* Frameworks */,
				117142B725CBFF4200A76E95 /* Products */,
			);
			sourceTree = "<group>";
		};
		117142B725CBFF4200A76E95 /* Products */ = {
			isa = PBXGroup;
			children = (
				117142B625CBFF4200A76E95 /* NewsFeedApp.app */,
				118E5CE825D2435E0011C384 /* WidgetModuleExtension.appex */,
			);
			name = Products;
			sourceTree = "<group>";
		};
		117142B825CBFF4200A76E95 /* NewsFeedApp */ = {
			isa = PBXGroup;
			children = (
				11C47B4D25D0013800AE89BC /* Views */,
				117142D525CBFF8C00A76E95 /* Models */,
				114D5AEC25CDEF45007B23A9 /* Coordinator */,
				11EBAB2325CC87CC00F14C99 /* Utils */,
				117142DE25CC01F200A76E95 /* Extensions */,
				117142D425CBFF8500A76E95 /* Service */,
				117142CF25CBFF6100A76E95 /* Supporting Files */,
				117142D225CBFF7C00A76E95 /* Controllers */,
				117142D125CBFF6E00A76E95 /* Resources */,
			);
			path = NewsFeedApp;
			sourceTree = "<group>";
		};
		117142CF25CBFF6100A76E95 /* Supporting Files */ = {
			isa = PBXGroup;
			children = (
				117142B925CBFF4200A76E95 /* AppDelegate.swift */,
				117142BB25CBFF4200A76E95 /* SceneDelegate.swift */,
				117142C425CBFF4200A76E95 /* LaunchScreen.storyboard */,
				117142C725CBFF4200A76E95 /* Info.plist */,
			);
			path = "Supporting Files";
			sourceTree = "<group>";
		};
		117142D125CBFF6E00A76E95 /* Resources */ = {
			isa = PBXGroup;
			children = (
				117142C225CBFF4200A76E95 /* Assets.xcassets */,
			);
			path = Resources;
			sourceTree = "<group>";
		};
		117142D225CBFF7C00A76E95 /* Controllers */ = {
			isa = PBXGroup;
			children = (
				114D5AF825CDF2AF007B23A9 /* HomeViewController.swift */,
				118E5CDD25D2215D0011C384 /* HomeTableViewController+Constraints.swift */,
				118FDD7D25CE028300A5696E /* DetailsViewController.swift */,
				118E5CCE25D218DD0011C384 /* DetailsViewController+Constraints.swift */,
			);
			path = Controllers;
			sourceTree = "<group>";
		};
		117142D425CBFF8500A76E95 /* Service */ = {
			isa = PBXGroup;
			children = (
				117142D625CBFF9900A76E95 /* NetworkService.swift */,
			);
			path = Service;
			sourceTree = "<group>";
		};
		117142D525CBFF8C00A76E95 /* Models */ = {
			isa = PBXGroup;
			children = (
				117142DB25CC01B200A76E95 /* NewsFeedResponse.swift */,
				11EBAB7125CD9E0900F14C99 /* NewsDetailsResponse.swift */,
			);
			path = Models;
			sourceTree = "<group>";
		};
		117142DE25CC01F200A76E95 /* Extensions */ = {
			isa = PBXGroup;
			children = (
				117142DF25CC020E00A76E95 /* URLSession.swift */,
				11EBAB6925CD7E4100F14C99 /* URL.swift */,
				11C47B5225D0489F00AE89BC /* Date.swift */,
				11C47B5525D04FCF00AE89BC /* UIImageView.swift */,
				118E5CDA25D21F640011C384 /* UIViewController.swift */,
			);
			path = Extensions;
			sourceTree = "<group>";
		};
		118E5CE925D2435E0011C384 /* Frameworks */ = {
			isa = PBXGroup;
			children = (
				118E5CEA25D2435E0011C384 /* WidgetKit.framework */,
				118E5CEC25D2435E0011C384 /* SwiftUI.framework */,
			);
			name = Frameworks;
			sourceTree = "<group>";
		};
		118E5CEE25D2435E0011C384 /* WidgetModule */ = {
			isa = PBXGroup;
			children = (
				118E5CFD25D243CF0011C384 /* DataProvider.swift */,
				118E5CEF25D2435E0011C384 /* WidgetModule.swift */,
				118E5CF125D243600011C384 /* Assets.xcassets */,
				118E5CF325D243600011C384 /* Info.plist */,
			);
			path = WidgetModule;
			sourceTree = "<group>";
		};
		11C47B4D25D0013800AE89BC /* Views */ = {
			isa = PBXGroup;
			children = (
				11C47B4E25D0025700AE89BC /* HomeTableViewCell.swift */,
				118E5CD425D21CA90011C384 /* HomeTableViewCell+Constraints.swift */,
				11C47B6B25D09AEA00AE89BC /* LoadingTableViewCell.swift */,
				11C47B6F25D154B300AE89BC /* HomeTableViewCellWithPicture.swift */,
				118E5CD125D21C3D0011C384 /* HomeTableViewCellWithPicture+Constraints.swift */,
				11C47B5825D058DD00AE89BC /* DateLabel.swift */,
				11C47B5C25D062D400AE89BC /* TitleLabel.swift */,
				11C47B5F25D064F400AE89BC /* SecondTitleLabel.swift */,
				11C47B6225D0657600AE89BC /* PostImageView.swift */,
				118E5CCB25D2122D0011C384 /* Button.swift */,
			);
			path = Views;
			sourceTree = "<group>";
		};
		11EBAB2325CC87CC00F14C99 /* Utils */ = {
			isa = PBXGroup;
			children = (
				11EBAB2425CC87DF00F14C99 /* Helpers.swift */,
				11EBAB6D25CD907900F14C99 /* Constants.swift */,
				114D5AE825CDEC25007B23A9 /* DecodableArray.swift */,
				118FDD8225CF066D00A5696E /* HomeTableViewDataSource.swift */,
				118E5CD725D21D790011C384 /* HomeTableViewDataSource+UITableViewDelegates.swift */,
			);
			path = Utils;
			sourceTree = "<group>";
		};
/* End PBXGroup section */

/* Begin PBXNativeTarget section */
		117142B525CBFF4200A76E95 /* NewsFeedApp */ = {
			isa = PBXNativeTarget;
			buildConfigurationList = 117142CA25CBFF4200A76E95 /* Build configuration list for PBXNativeTarget "NewsFeedApp" */;
			buildPhases = (
				117142B225CBFF4200A76E95 /* Sources */,
				117142B325CBFF4200A76E95 /* Frameworks */,
				117142B425CBFF4200A76E95 /* Resources */,
				118E5CFA25D243600011C384 /* Embed App Extensions */,
			);
			buildRules = (
			);
			dependencies = (
				118E5CF525D243600011C384 /* PBXTargetDependency */,
			);
			name = NewsFeedApp;
			productName = NewsFeedApp;
			productReference = 117142B625CBFF4200A76E95 /* NewsFeedApp.app */;
			productType = "com.apple.product-type.application";
		};
		118E5CE725D2435E0011C384 /* WidgetModuleExtension */ = {
			isa = PBXNativeTarget;
			buildConfigurationList = 118E5CF725D243600011C384 /* Build configuration list for PBXNativeTarget "WidgetModuleExtension" */;
			buildPhases = (
				118E5CE425D2435E0011C384 /* Sources */,
				118E5CE525D2435E0011C384 /* Frameworks */,
				118E5CE625D2435E0011C384 /* Resources */,
			);
			buildRules = (
			);
			dependencies = (
			);
			name = WidgetModuleExtension;
			productName = WidgetModuleExtension;
			productReference = 118E5CE825D2435E0011C384 /* WidgetModuleExtension.appex */;
			productType = "com.apple.product-type.app-extension";
		};
/* End PBXNativeTarget section */

/* Begin PBXProject section */
		117142AE25CBFF4200A76E95 /* Project object */ = {
			isa = PBXProject;
			attributes = {
				LastSwiftUpdateCheck = 1240;
				LastUpgradeCheck = 1240;
				TargetAttributes = {
					117142B525CBFF4200A76E95 = {
						CreatedOnToolsVersion = 12.4;
					};
					118E5CE725D2435E0011C384 = {
						CreatedOnToolsVersion = 12.4;
					};
				};
			};
			buildConfigurationList = 117142B125CBFF4200A76E95 /* Build configuration list for PBXProject "NewsFeedApp" */;
			compatibilityVersion = "Xcode 9.3";
			developmentRegion = en;
			hasScannedForEncodings = 0;
			knownRegions = (
				en,
				Base,
			);
			mainGroup = 117142AD25CBFF4200A76E95;
			productRefGroup = 117142B725CBFF4200A76E95 /* Products */;
			projectDirPath = "";
			projectRoot = "";
			targets = (
				117142B525CBFF4200A76E95 /* NewsFeedApp */,
				118E5CE725D2435E0011C384 /* WidgetModuleExtension */,
			);
		};
/* End PBXProject section */

/* Begin PBXResourcesBuildPhase section */
		117142B425CBFF4200A76E95 /* Resources */ = {
			isa = PBXResourcesBuildPhase;
			buildActionMask = 2147483647;
			files = (
				117142C625CBFF4200A76E95 /* LaunchScreen.storyboard in Resources */,
				117142C325CBFF4200A76E95 /* Assets.xcassets in Resources */,
			);
			runOnlyForDeploymentPostprocessing = 0;
		};
		118E5CE625D2435E0011C384 /* Resources */ = {
			isa = PBXResourcesBuildPhase;
			buildActionMask = 2147483647;
			files = (
				118E5CF225D243600011C384 /* Assets.xcassets in Resources */,
			);
			runOnlyForDeploymentPostprocessing = 0;
		};
/* End PBXResourcesBuildPhase section */

/* Begin PBXSourcesBuildPhase section */
		117142B225CBFF4200A76E95 /* Sources */ = {
			isa = PBXSourcesBuildPhase;
			buildActionMask = 2147483647;
			files = (
				11EBAB2525CC87DF00F14C99 /* Helpers.swift in Sources */,
				11EBAB6A25CD7E4100F14C99 /* URL.swift in Sources */,
				114D5AE925CDEC25007B23A9 /* DecodableArray.swift in Sources */,
				118FDD8325CF066D00A5696E /* HomeTableViewDataSource.swift in Sources */,
				118E5CD825D21D790011C384 /* HomeTableViewDataSource+UITableViewDelegates.swift in Sources */,
				117142BA25CBFF4200A76E95 /* AppDelegate.swift in Sources */,
				11C47B7025D154B300AE89BC /* HomeTableViewCellWithPicture.swift in Sources */,
				11C47B6C25D09AEA00AE89BC /* LoadingTableViewCell.swift in Sources */,
				114D5AF925CDF2AF007B23A9 /* HomeViewController.swift in Sources */,
				11C47B5325D0489F00AE89BC /* Date.swift in Sources */,
				117142E025CC020E00A76E95 /* URLSession.swift in Sources */,
				11EBAB7225CD9E0900F14C99 /* NewsDetailsResponse.swift in Sources */,
				11EBAB6E25CD907900F14C99 /* Constants.swift in Sources */,
				11C47B5925D058DD00AE89BC /* DateLabel.swift in Sources */,
				118E5CDB25D21F640011C384 /* UIViewController.swift in Sources */,
				11C47B5625D04FCF00AE89BC /* UIImageView.swift in Sources */,
				118E5CCF25D218DD0011C384 /* DetailsViewController+Constraints.swift in Sources */,
				118E5CD225D21C3D0011C384 /* HomeTableViewCellWithPicture+Constraints.swift in Sources */,
				11C47B6025D064F400AE89BC /* SecondTitleLabel.swift in Sources */,
				118E5CD525D21CA90011C384 /* HomeTableViewCell+Constraints.swift in Sources */,
				118E5CCC25D2122D0011C384 /* Button.swift in Sources */,
				118E5CDE25D2215D0011C384 /* HomeTableViewController+Constraints.swift in Sources */,
				114D5AEE25CDEF62007B23A9 /* Coordinator.swift in Sources */,
				11C47B5D25D062D400AE89BC /* TitleLabel.swift in Sources */,
				118FDD7E25CE028300A5696E /* DetailsViewController.swift in Sources */,
				117142DC25CC01B200A76E95 /* NewsFeedResponse.swift in Sources */,
				114D5AF225CDEF8F007B23A9 /* MainCoordinator.swift in Sources */,
				117142D725CBFF9900A76E95 /* NetworkService.swift in Sources */,
				11C47B4F25D0025700AE89BC /* HomeTableViewCell.swift in Sources */,
				11C47B6325D0657600AE89BC /* PostImageView.swift in Sources */,
				117142BC25CBFF4200A76E95 /* SceneDelegate.swift in Sources */,
			);
			runOnlyForDeploymentPostprocessing = 0;
		};
		118E5CE425D2435E0011C384 /* Sources */ = {
			isa = PBXSourcesBuildPhase;
			buildActionMask = 2147483647;
			files = (
				118E5D0125D243DA0011C384 /* DataProvider.swift in Sources */,
				118E5CF025D2435E0011C384 /* WidgetModule.swift in Sources */,
			);
			runOnlyForDeploymentPostprocessing = 0;
		};
/* End PBXSourcesBuildPhase section */

/* Begin PBXTargetDependency section */
		118E5CF525D243600011C384 /* PBXTargetDependency */ = {
			isa = PBXTargetDependency;
			target = 118E5CE725D2435E0011C384 /* WidgetModuleExtension */;
			targetProxy = 118E5CF425D243600011C384 /* PBXContainerItemProxy */;
		};
/* End PBXTargetDependency section */

/* Begin PBXVariantGroup section */
		117142C425CBFF4200A76E95 /* LaunchScreen.storyboard */ = {
			isa = PBXVariantGroup;
			children = (
				117142C525CBFF4200A76E95 /* Base */,
			);
			name = LaunchScreen.storyboard;
			sourceTree = "<group>";
		};
/* End PBXVariantGroup section */

/* Begin XCBuildConfiguration section */
		117142C825CBFF4200A76E95 /* Debug */ = {
			isa = XCBuildConfiguration;
			buildSettings = {
				ALWAYS_SEARCH_USER_PATHS = NO;
				CLANG_ANALYZER_NONNULL = YES;
				CLANG_ANALYZER_NUMBER_OBJECT_CONVERSION = YES_AGGRESSIVE;
				CLANG_CXX_LANGUAGE_STANDARD = "gnu++14";
				CLANG_CXX_LIBRARY = "libc++";
				CLANG_ENABLE_MODULES = YES;
				CLANG_ENABLE_OBJC_ARC = YES;
				CLANG_ENABLE_OBJC_WEAK = YES;
				CLANG_WARN_BLOCK_CAPTURE_AUTORELEASING = YES;
				CLANG_WARN_BOOL_CONVERSION = YES;
				CLANG_WARN_COMMA = YES;
				CLANG_WARN_CONSTANT_CONVERSION = YES;
				CLANG_WARN_DEPRECATED_OBJC_IMPLEMENTATIONS = YES;
				CLANG_WARN_DIRECT_OBJC_ISA_USAGE = YES_ERROR;
				CLANG_WARN_DOCUMENTATION_COMMENTS = YES;
				CLANG_WARN_EMPTY_BODY = YES;
				CLANG_WARN_ENUM_CONVERSION = YES;
				CLANG_WARN_INFINITE_RECURSION = YES;
				CLANG_WARN_INT_CONVERSION = YES;
				CLANG_WARN_NON_LITERAL_NULL_CONVERSION = YES;
				CLANG_WARN_OBJC_IMPLICIT_RETAIN_SELF = YES;
				CLANG_WARN_OBJC_LITERAL_CONVERSION = YES;
				CLANG_WARN_OBJC_ROOT_CLASS = YES_ERROR;
				CLANG_WARN_QUOTED_INCLUDE_IN_FRAMEWORK_HEADER = YES;
				CLANG_WARN_RANGE_LOOP_ANALYSIS = YES;
				CLANG_WARN_STRICT_PROTOTYPES = YES;
				CLANG_WARN_SUSPICIOUS_MOVE = YES;
				CLANG_WARN_UNGUARDED_AVAILABILITY = YES_AGGRESSIVE;
				CLANG_WARN_UNREACHABLE_CODE = YES;
				CLANG_WARN__DUPLICATE_METHOD_MATCH = YES;
				COPY_PHASE_STRIP = NO;
				DEBUG_INFORMATION_FORMAT = dwarf;
				ENABLE_STRICT_OBJC_MSGSEND = YES;
				ENABLE_TESTABILITY = YES;
				GCC_C_LANGUAGE_STANDARD = gnu11;
				GCC_DYNAMIC_NO_PIC = NO;
				GCC_NO_COMMON_BLOCKS = YES;
				GCC_OPTIMIZATION_LEVEL = 0;
				GCC_PREPROCESSOR_DEFINITIONS = (
					"DEBUG=1",
					"$(inherited)",
				);
				GCC_WARN_64_TO_32_BIT_CONVERSION = YES;
				GCC_WARN_ABOUT_RETURN_TYPE = YES_ERROR;
				GCC_WARN_UNDECLARED_SELECTOR = YES;
				GCC_WARN_UNINITIALIZED_AUTOS = YES_AGGRESSIVE;
				GCC_WARN_UNUSED_FUNCTION = YES;
				GCC_WARN_UNUSED_VARIABLE = YES;
				IPHONEOS_DEPLOYMENT_TARGET = 13.0;
				MTL_ENABLE_DEBUG_INFO = INCLUDE_SOURCE;
				MTL_FAST_MATH = YES;
				ONLY_ACTIVE_ARCH = YES;
				SDKROOT = iphoneos;
				SWIFT_ACTIVE_COMPILATION_CONDITIONS = DEBUG;
				SWIFT_OPTIMIZATION_LEVEL = "-Onone";
			};
			name = Debug;
		};
		117142C925CBFF4200A76E95 /* Release */ = {
			isa = XCBuildConfiguration;
			buildSettings = {
				ALWAYS_SEARCH_USER_PATHS = NO;
				CLANG_ANALYZER_NONNULL = YES;
				CLANG_ANALYZER_NUMBER_OBJECT_CONVERSION = YES_AGGRESSIVE;
				CLANG_CXX_LANGUAGE_STANDARD = "gnu++14";
				CLANG_CXX_LIBRARY = "libc++";
				CLANG_ENABLE_MODULES = YES;
				CLANG_ENABLE_OBJC_ARC = YES;
				CLANG_ENABLE_OBJC_WEAK = YES;
				CLANG_WARN_BLOCK_CAPTURE_AUTORELEASING = YES;
				CLANG_WARN_BOOL_CONVERSION = YES;
				CLANG_WARN_COMMA = YES;
				CLANG_WARN_CONSTANT_CONVERSION = YES;
				CLANG_WARN_DEPRECATED_OBJC_IMPLEMENTATIONS = YES;
				CLANG_WARN_DIRECT_OBJC_ISA_USAGE = YES_ERROR;
				CLANG_WARN_DOCUMENTATION_COMMENTS = YES;
				CLANG_WARN_EMPTY_BODY = YES;
				CLANG_WARN_ENUM_CONVERSION = YES;
				CLANG_WARN_INFINITE_RECURSION = YES;
				CLANG_WARN_INT_CONVERSION = YES;
				CLANG_WARN_NON_LITERAL_NULL_CONVERSION = YES;
				CLANG_WARN_OBJC_IMPLICIT_RETAIN_SELF = YES;
				CLANG_WARN_OBJC_LITERAL_CONVERSION = YES;
				CLANG_WARN_OBJC_ROOT_CLASS = YES_ERROR;
				CLANG_WARN_QUOTED_INCLUDE_IN_FRAMEWORK_HEADER = YES;
				CLANG_WARN_RANGE_LOOP_ANALYSIS = YES;
				CLANG_WARN_STRICT_PROTOTYPES = YES;
				CLANG_WARN_SUSPICIOUS_MOVE = YES;
				CLANG_WARN_UNGUARDED_AVAILABILITY = YES_AGGRESSIVE;
				CLANG_WARN_UNREACHABLE_CODE = YES;
				CLANG_WARN__DUPLICATE_METHOD_MATCH = YES;
				COPY_PHASE_STRIP = NO;
				DEBUG_INFORMATION_FORMAT = "dwarf-with-dsym";
				ENABLE_NS_ASSERTIONS = NO;
				ENABLE_STRICT_OBJC_MSGSEND = YES;
				GCC_C_LANGUAGE_STANDARD = gnu11;
				GCC_NO_COMMON_BLOCKS = YES;
				GCC_WARN_64_TO_32_BIT_CONVERSION = YES;
				GCC_WARN_ABOUT_RETURN_TYPE = YES_ERROR;
				GCC_WARN_UNDECLARED_SELECTOR = YES;
				GCC_WARN_UNINITIALIZED_AUTOS = YES_AGGRESSIVE;
				GCC_WARN_UNUSED_FUNCTION = YES;
				GCC_WARN_UNUSED_VARIABLE = YES;
				IPHONEOS_DEPLOYMENT_TARGET = 13.0;
				MTL_ENABLE_DEBUG_INFO = NO;
				MTL_FAST_MATH = YES;
				SDKROOT = iphoneos;
				SWIFT_COMPILATION_MODE = wholemodule;
				SWIFT_OPTIMIZATION_LEVEL = "-O";
				VALIDATE_PRODUCT = YES;
			};
			name = Release;
		};
		117142CB25CBFF4200A76E95 /* Debug */ = {
			isa = XCBuildConfiguration;
			buildSettings = {
				ALWAYS_EMBED_SWIFT_STANDARD_LIBRARIES = YES;
				ASSETCATALOG_COMPILER_APPICON_NAME = AppIcon;
				ASSETCATALOG_COMPILER_GLOBAL_ACCENT_COLOR_NAME = AccentColor;
				CODE_SIGN_STYLE = Automatic;
				DEVELOPMENT_TEAM = P353H6D448;
				INFOPLIST_FILE = "$(SRCROOT)/NewsFeedApp/Supporting Files/Info.plist";
				LD_RUNPATH_SEARCH_PATHS = (
					"$(inherited)",
					"@executable_path/Frameworks",
				);
				PRODUCT_BUNDLE_IDENTIFIER = maxkalik.com.NewsFeedApp;
				PRODUCT_NAME = "$(TARGET_NAME)";
				SWIFT_VERSION = 5.0;
				TARGETED_DEVICE_FAMILY = 1;
			};
			name = Debug;
		};
		117142CC25CBFF4200A76E95 /* Release */ = {
			isa = XCBuildConfiguration;
			buildSettings = {
				ALWAYS_EMBED_SWIFT_STANDARD_LIBRARIES = YES;
				ASSETCATALOG_COMPILER_APPICON_NAME = AppIcon;
				ASSETCATALOG_COMPILER_GLOBAL_ACCENT_COLOR_NAME = AccentColor;
				CODE_SIGN_STYLE = Automatic;
				DEVELOPMENT_TEAM = P353H6D448;
				INFOPLIST_FILE = "$(SRCROOT)/NewsFeedApp/Supporting Files/Info.plist";
				LD_RUNPATH_SEARCH_PATHS = (
					"$(inherited)",
					"@executable_path/Frameworks",
				);
				PRODUCT_BUNDLE_IDENTIFIER = maxkalik.com.NewsFeedApp;
				PRODUCT_NAME = "$(TARGET_NAME)";
				SWIFT_VERSION = 5.0;
				TARGETED_DEVICE_FAMILY = 1;
			};
			name = Release;
		};
		118E5CF825D243600011C384 /* Debug */ = {
			isa = XCBuildConfiguration;
			buildSettings = {
				ASSETCATALOG_COMPILER_GLOBAL_ACCENT_COLOR_NAME = AccentColor;
				ASSETCATALOG_COMPILER_WIDGET_BACKGROUND_COLOR_NAME = WidgetBackground;
				CODE_SIGN_STYLE = Automatic;
				DEVELOPMENT_TEAM = P353H6D448;
				INFOPLIST_FILE = WidgetModule/Info.plist;
				IPHONEOS_DEPLOYMENT_TARGET = 14.4;
				LD_RUNPATH_SEARCH_PATHS = (
					"$(inherited)",
					"@executable_path/Frameworks",
					"@executable_path/../../Frameworks",
				);
				PRODUCT_BUNDLE_IDENTIFIER = maxkalik.com.NewsFeedApp.WidgetModule;
				PRODUCT_NAME = "$(TARGET_NAME)";
				SKIP_INSTALL = YES;
				SWIFT_VERSION = 5.0;
				TARGETED_DEVICE_FAMILY = "1,2";
			};
			name = Debug;
		};
		118E5CF925D243600011C384 /* Release */ = {
			isa = XCBuildConfiguration;
			buildSettings = {
				ASSETCATALOG_COMPILER_GLOBAL_ACCENT_COLOR_NAME = AccentColor;
				ASSETCATALOG_COMPILER_WIDGET_BACKGROUND_COLOR_NAME = WidgetBackground;
				CODE_SIGN_STYLE = Automatic;
				DEVELOPMENT_TEAM = P353H6D448;
				INFOPLIST_FILE = WidgetModule/Info.plist;
				IPHONEOS_DEPLOYMENT_TARGET = 14.4;
				LD_RUNPATH_SEARCH_PATHS = (
					"$(inherited)",
					"@executable_path/Frameworks",
					"@executable_path/../../Frameworks",
				);
				PRODUCT_BUNDLE_IDENTIFIER = maxkalik.com.NewsFeedApp.WidgetModule;
				PRODUCT_NAME = "$(TARGET_NAME)";
				SKIP_INSTALL = YES;
				SWIFT_VERSION = 5.0;
				TARGETED_DEVICE_FAMILY = "1,2";
			};
			name = Release;
		};
/* End XCBuildConfiguration section */

/* Begin XCConfigurationList section */
		117142B125CBFF4200A76E95 /* Build configuration list for PBXProject "NewsFeedApp" */ = {
			isa = XCConfigurationList;
			buildConfigurations = (
				117142C825CBFF4200A76E95 /* Debug */,
				117142C925CBFF4200A76E95 /* Release */,
			);
			defaultConfigurationIsVisible = 0;
			defaultConfigurationName = Release;
		};
		117142CA25CBFF4200A76E95 /* Build configuration list for PBXNativeTarget "NewsFeedApp" */ = {
			isa = XCConfigurationList;
			buildConfigurations = (
				117142CB25CBFF4200A76E95 /* Debug */,
				117142CC25CBFF4200A76E95 /* Release */,
			);
			defaultConfigurationIsVisible = 0;
			defaultConfigurationName = Release;
		};
		118E5CF725D243600011C384 /* Build configuration list for PBXNativeTarget "WidgetModuleExtension" */ = {
			isa = XCConfigurationList;
			buildConfigurations = (
				118E5CF825D243600011C384 /* Debug */,
				118E5CF925D243600011C384 /* Release */,
			);
			defaultConfigurationIsVisible = 0;
			defaultConfigurationName = Release;
		};
/* End XCConfigurationList section */
	};
	rootObject = 117142AE25CBFF4200A76E95 /* Project object */;
}
